// !$*UTF8*$!
{
	archiveVersion = 1;
	classes = {
	};
	objectVersion = 77;
	objects = {

/* Begin PBXBuildFile section */
		04CDC2EABC5948A05DFF9601 /* FileManifest.swift in Sources */ = {isa = PBXBuildFile; fileRef = BCA42F67986C158798A8DD07 /* FileManifest.swift */; };
		2482059CC36B5EA5E19A3F2E /* ConfigManager.swift in Sources */ = {isa = PBXBuildFile; fileRef = B122CEA6332A169899AC117B /* ConfigManager.swift */; };
		43F3704DCC30240DC324667E /* PreferencesView.swift in Sources */ = {isa = PBXBuildFile; fileRef = 2ABC4EA6C1327C88E878BDA9 /* PreferencesView.swift */; };
		48ADA54215037641DFF77BC7 /* AppState.swift in Sources */ = {isa = PBXBuildFile; fileRef = 7BFE79A7D9075DF354F56128 /* AppState.swift */; };
		4E0CDCE0AB23F0D36042A0DC /* SyncPair.swift in Sources */ = {isa = PBXBuildFile; fileRef = E1C672C224396382B80C1679 /* SyncPair.swift */; };
		AF7941514C3A2E0354A3DDB5 /* SyncEngine.swift in Sources */ = {isa = PBXBuildFile; fileRef = 74B248EC221F7A9EBD6F74FC /* SyncEngine.swift */; };
		B4A2A24185057ECAF097DD46 /* MenuBarView.swift in Sources */ = {isa = PBXBuildFile; fileRef = 61818FDBBA17DD257A5F802D /* MenuBarView.swift */; };
		C17ADC6029127CB8A7E0CB00 /* NotificationManager.swift in Sources */ = {isa = PBXBuildFile; fileRef = E46B8AF715EC077463104C97 /* NotificationManager.swift */; };
		C6FD20E812E685D2CA7E80A4 /* Localizable.xcstrings in Resources */ = {isa = PBXBuildFile; fileRef = 7DB8F7ADBAFBF82ADA8F0112 /* Localizable.xcstrings */; };
		D6CA1778C941D39B5FB36709 /* SyncPairRow.swift in Sources */ = {isa = PBXBuildFile; fileRef = 015C63846693B8F3F5B64339 /* SyncPairRow.swift */; };
		E92661CA43774B4AA7D769B5 /* syncFolderApp.swift in Sources */ = {isa = PBXBuildFile; fileRef = 9F2A5E112BE678B4C2A9E525 /* syncFolderApp.swift */; };
		F5C57026F4EA0F08EC9D385A /* EditPairSheet.swift in Sources */ = {isa = PBXBuildFile; fileRef = 4E045DD0AD02027A96358C79 /* EditPairSheet.swift */; };
		F5E78FF12F9261DA0FBFE05E /* Assets.xcassets in Resources */ = {isa = PBXBuildFile; fileRef = 6758B0B0A44611FF51F6D56D /* Assets.xcassets */; };
/* End PBXBuildFile section */

/* Begin PBXFileReference section */
		015C63846693B8F3F5B64339 /* SyncPairRow.swift */ = {isa = PBXFileReference; lastKnownFileType = sourcecode.swift; path = SyncPairRow.swift; sourceTree = "<group>"; };
		2ABC4EA6C1327C88E878BDA9 /* PreferencesView.swift */ = {isa = PBXFileReference; lastKnownFileType = sourcecode.swift; path = PreferencesView.swift; sourceTree = "<group>"; };
		4E045DD0AD02027A96358C79 /* EditPairSheet.swift */ = {isa = PBXFileReference; lastKnownFileType = sourcecode.swift; path = EditPairSheet.swift; sourceTree = "<group>"; };
		61818FDBBA17DD257A5F802D /* MenuBarView.swift */ = {isa = PBXFileReference; lastKnownFileType = sourcecode.swift; path = MenuBarView.swift; sourceTree = "<group>"; };
		6758B0B0A44611FF51F6D56D /* Assets.xcassets */ = {isa = PBXFileReference; lastKnownFileType = folder.assetcatalog; path = Assets.xcassets; sourceTree = "<group>"; };
		74B248EC221F7A9EBD6F74FC /* SyncEngine.swift */ = {isa = PBXFileReference; lastKnownFileType = sourcecode.swift; path = SyncEngine.swift; sourceTree = "<group>"; };
		7A2E90792078D1C85D76F9AC /* syncFolder.entitlements */ = {isa = PBXFileReference; lastKnownFileType = text.plist.entitlements; path = syncFolder.entitlements; sourceTree = "<group>"; };
		7BFE79A7D9075DF354F56128 /* AppState.swift */ = {isa = PBXFileReference; lastKnownFileType = sourcecode.swift; path = AppState.swift; sourceTree = "<group>"; };
		7DB8F7ADBAFBF82ADA8F0112 /* Localizable.xcstrings */ = {isa = PBXFileReference; lastKnownFileType = text.json.xcstrings; path = Localizable.xcstrings; sourceTree = "<group>"; };
		9F2A5E112BE678B4C2A9E525 /* syncFolderApp.swift */ = {isa = PBXFileReference; lastKnownFileType = sourcecode.swift; path = syncFolderApp.swift; sourceTree = "<group>"; };
		A39E56D2AA7089B012B1CC66 /* syncFolder.app */ = {isa = PBXFileReference; explicitFileType = wrapper.application; includeInIndex = 0; path = syncFolder.app; sourceTree = BUILT_PRODUCTS_DIR; };
		B122CEA6332A169899AC117B /* ConfigManager.swift */ = {isa = PBXFileReference; lastKnownFileType = sourcecode.swift; path = ConfigManager.swift; sourceTree = "<group>"; };
		BCA42F67986C158798A8DD07 /* FileManifest.swift */ = {isa = PBXFileReference; lastKnownFileType = sourcecode.swift; path = FileManifest.swift; sourceTree = "<group>"; };
		C22930B335B9933206BB2839 /* Info.plist */ = {isa = PBXFileReference; lastKnownFileType = text.plist; path = Info.plist; sourceTree = "<group>"; };
		E1C672C224396382B80C1679 /* SyncPair.swift */ = {isa = PBXFileReference; lastKnownFileType = sourcecode.swift; path = SyncPair.swift; sourceTree = "<group>"; };
		E46B8AF715EC077463104C97 /* NotificationManager.swift */ = {isa = PBXFileReference; lastKnownFileType = sourcecode.swift; path = NotificationManager.swift; sourceTree = "<group>"; };
/* End PBXFileReference section */

/* Begin PBXGroup section */
		106369AE4A626EFE69D3D671 /* App */ = {
			isa = PBXGroup;
			children = (
				7BFE79A7D9075DF354F56128 /* AppState.swift */,
				9F2A5E112BE678B4C2A9E525 /* syncFolderApp.swift */,
			);
			path = App;
			sourceTree = "<group>";
		};
		26687B01BE2141B948241D78 /* Resources */ = {
			isa = PBXGroup;
			children = (
				6758B0B0A44611FF51F6D56D /* Assets.xcassets */,
				7DB8F7ADBAFBF82ADA8F0112 /* Localizable.xcstrings */,
				7A2E90792078D1C85D76F9AC /* syncFolder.entitlements */,
			);
			path = Resources;
			sourceTree = "<group>";
		};
		8CD9B86FF29DB7520EA1E505 = {
			isa = PBXGroup;
			children = (
				DEA328A1431A7F056A18A34C /* syncFolder */,
				F51F99E9DCBA47703FF77AC4 /* Products */,
			);
			sourceTree = "<group>";
		};
		9323708E74A08FBF7E73F0BB /* Views */ = {
			isa = PBXGroup;
			children = (
				4E045DD0AD02027A96358C79 /* EditPairSheet.swift */,
				61818FDBBA17DD257A5F802D /* MenuBarView.swift */,
				2ABC4EA6C1327C88E878BDA9 /* PreferencesView.swift */,
				015C63846693B8F3F5B64339 /* SyncPairRow.swift */,
			);
			path = Views;
			sourceTree = "<group>";
		};
		C4B9D0DF0F3B9CA1BDDA69FB /* Models */ = {
			isa = PBXGroup;
			children = (
				BCA42F67986C158798A8DD07 /* FileManifest.swift */,
				E1C672C224396382B80C1679 /* SyncPair.swift */,
			);
			path = Models;
			sourceTree = "<group>";
		};
		CB20F389DCBF9D45BF3D1D92 /* Services */ = {
			isa = PBXGroup;
			children = (
				B122CEA6332A169899AC117B /* ConfigManager.swift */,
				E46B8AF715EC077463104C97 /* NotificationManager.swift */,
				74B248EC221F7A9EBD6F74FC /* SyncEngine.swift */,
			);
			path = Services;
			sourceTree = "<group>";
		};
		DEA328A1431A7F056A18A34C /* syncFolder */ = {
			isa = PBXGroup;
			children = (
				106369AE4A626EFE69D3D671 /* App */,
				C4B9D0DF0F3B9CA1BDDA69FB /* Models */,
				26687B01BE2141B948241D78 /* Resources */,
				CB20F389DCBF9D45BF3D1D92 /* Services */,
				9323708E74A08FBF7E73F0BB /* Views */,
				C22930B335B9933206BB2839 /* Info.plist */,
			);
			path = syncFolder;
			sourceTree = "<group>";
		};
		F51F99E9DCBA47703FF77AC4 /* Products */ = {
			isa = PBXGroup;
			children = (
				A39E56D2AA7089B012B1CC66 /* syncFolder.app */,
			);
			name = Products;
			sourceTree = "<group>";
		};
/* End PBXGroup section */

/* Begin PBXNativeTarget section */
		5FE29D393D50CD71D89C8733 /* syncFolder */ = {
			isa = PBXNativeTarget;
			buildConfigurationList = 50978D1613B05A8A6C278456 /* Build configuration list for PBXNativeTarget "syncFolder" */;
			buildPhases = (
				69ED41A0FD19A4836512AFB1 /* Sources */,
				7B6592F02869012DAD615D8F /* Resources */,
			);
			buildRules = (
			);
			dependencies = (
			);
			name = syncFolder;
			packageProductDependencies = (
			);
			productName = syncFolder;
			productReference = A39E56D2AA7089B012B1CC66 /* syncFolder.app */;
			productType = "com.apple.product-type.application";
		};
/* End PBXNativeTarget section */

/* Begin PBXProject section */
		0A37634E2865D26051DABB7D /* Project object */ = {
			isa = PBXProject;
			attributes = {
				BuildIndependentTargetsInParallel = YES;
				LastUpgradeCheck = 1600;
			};
			buildConfigurationList = 17260049B1C87C9097DBC2B8 /* Build configuration list for PBXProject "syncFolder" */;
			compatibilityVersion = "Xcode 14.0";
			developmentRegion = en;
			hasScannedForEncodings = 0;
			knownRegions = (
				Base,
				en,
				"pt-BR",
			);
			mainGroup = 8CD9B86FF29DB7520EA1E505;
			minimizedProjectReferenceProxies = 1;
			preferredProjectObjectVersion = 77;
			projectDirPath = "";
			projectRoot = "";
			targets = (
				5FE29D393D50CD71D89C8733 /* syncFolder */,
			);
		};
/* End PBXProject section */

/* Begin PBXResourcesBuildPhase section */
		7B6592F02869012DAD615D8F /* Resources */ = {
			isa = PBXResourcesBuildPhase;
			buildActionMask = 2147483647;
			files = (
				F5E78FF12F9261DA0FBFE05E /* Assets.xcassets in Resources */,
				C6FD20E812E685D2CA7E80A4 /* Localizable.xcstrings in Resources */,
			);
			runOnlyForDeploymentPostprocessing = 0;
		};
/* End PBXResourcesBuildPhase section */

/* Begin PBXSourcesBuildPhase section */
		69ED41A0FD19A4836512AFB1 /* Sources */ = {
			isa = PBXSourcesBuildPhase;
			buildActionMask = 2147483647;
			files = (
				48ADA54215037641DFF77BC7 /* AppState.swift in Sources */,
				2482059CC36B5EA5E19A3F2E /* ConfigManager.swift in Sources */,
				F5C57026F4EA0F08EC9D385A /* EditPairSheet.swift in Sources */,
				04CDC2EABC5948A05DFF9601 /* FileManifest.swift in Sources */,
				B4A2A24185057ECAF097DD46 /* MenuBarView.swift in Sources */,
				C17ADC6029127CB8A7E0CB00 /* NotificationManager.swift in Sources */,
				43F3704DCC30240DC324667E /* PreferencesView.swift in Sources */,
				AF7941514C3A2E0354A3DDB5 /* SyncEngine.swift in Sources */,
				4E0CDCE0AB23F0D36042A0DC /* SyncPair.swift in Sources */,
				D6CA1778C941D39B5FB36709 /* SyncPairRow.swift in Sources */,
				E92661CA43774B4AA7D769B5 /* syncFolderApp.swift in Sources */,
			);
			runOnlyForDeploymentPostprocessing = 0;
		};
/* End PBXSourcesBuildPhase section */

/* Begin XCBuildConfiguration section */
		2458F5C46F7EE51786903BF8 /* Debug */ = {
			isa = XCBuildConfiguration;
			buildSettings = {
				ALWAYS_SEARCH_USER_PATHS = NO;
				CLANG_ANALYZER_NONNULL = YES;
				CLANG_ANALYZER_NUMBER_OBJECT_CONVERSION = YES_AGGRESSIVE;
				CLANG_CXX_LANGUAGE_STANDARD = "gnu++14";
				CLANG_CXX_LIBRARY = "libc++";
				CLANG_ENABLE_MODULES = YES;
				CLANG_ENABLE_OBJC_ARC = YES;
				CLANG_ENABLE_OBJC_WEAK = YES;
				CLANG_WARN_BLOCK_CAPTURE_AUTORELEASING = YES;
				CLANG_WARN_BOOL_CONVERSION = YES;
				CLANG_WARN_COMMA = YES;
				CLANG_WARN_CONSTANT_CONVERSION = YES;
				CLANG_WARN_DEPRECATED_OBJC_IMPLEMENTATIONS = YES;
				CLANG_WARN_DIRECT_OBJC_ISA_USAGE = YES_ERROR;
				CLANG_WARN_DOCUMENTATION_COMMENTS = YES;
				CLANG_WARN_EMPTY_BODY = YES;
				CLANG_WARN_ENUM_CONVERSION = YES;
				CLANG_WARN_INFINITE_RECURSION = YES;
				CLANG_WARN_INT_CONVERSION = YES;
				CLANG_WARN_NON_LITERAL_NULL_CONVERSION = YES;
				CLANG_WARN_OBJC_IMPLICIT_RETAIN_SELF = YES;
				CLANG_WARN_OBJC_LITERAL_CONVERSION = YES;
				CLANG_WARN_OBJC_ROOT_CLASS = YES_ERROR;
				CLANG_WARN_QUOTED_INCLUDE_IN_FRAMEWORK_HEADER = YES;
				CLANG_WARN_RANGE_LOOP_ANALYSIS = YES;
				CLANG_WARN_STRICT_PROTOTYPES = YES;
				CLANG_WARN_SUSPICIOUS_MOVE = YES;
				CLANG_WARN_UNGUARDED_AVAILABILITY = YES_AGGRESSIVE;
				CLANG_WARN_UNREACHABLE_CODE = YES;
				CLANG_WARN__DUPLICATE_METHOD_MATCH = YES;
				COPY_PHASE_STRIP = NO;
				DEBUG_INFORMATION_FORMAT = dwarf;
				ENABLE_STRICT_OBJC_MSGSEND = YES;
				ENABLE_TESTABILITY = YES;
				GCC_C_LANGUAGE_STANDARD = gnu11;
				GCC_DYNAMIC_NO_PIC = NO;
				GCC_NO_COMMON_BLOCKS = YES;
				GCC_OPTIMIZATION_LEVEL = 0;
				GCC_PREPROCESSOR_DEFINITIONS = (
					"$(inherited)",
					"DEBUG=1",
				);
				GCC_WARN_64_TO_32_BIT_CONVERSION = YES;
				GCC_WARN_ABOUT_RETURN_TYPE = YES_ERROR;
				GCC_WARN_UNDECLARED_SELECTOR = YES;
				GCC_WARN_UNINITIALIZED_AUTOS = YES_AGGRESSIVE;
				GCC_WARN_UNUSED_FUNCTION = YES;
				GCC_WARN_UNUSED_VARIABLE = YES;
				MACOSX_DEPLOYMENT_TARGET = 13.0;
				MTL_ENABLE_DEBUG_INFO = INCLUDE_SOURCE;
				MTL_FAST_MATH = YES;
				ONLY_ACTIVE_ARCH = YES;
				PRODUCT_NAME = "$(TARGET_NAME)";
				SDKROOT = macosx;
				SWIFT_ACTIVE_COMPILATION_CONDITIONS = DEBUG;
				SWIFT_OPTIMIZATION_LEVEL = "-Onone";
				SWIFT_VERSION = 5.9;
			};
			name = Debug;
		};
		33953BDFED2644B1962E3D80 /* Release */ = {
			isa = XCBuildConfiguration;
			buildSettings = {
				ASSETCATALOG_COMPILER_APPICON_NAME = AppIcon;
				CODE_SIGN_ENTITLEMENTS = syncFolder/Resources/syncFolder.entitlements;
				CODE_SIGN_IDENTITY = "-";
				COMBINE_HIDPI_IMAGES = YES;
				CURRENT_PROJECT_VERSION = 2;
				GENERATE_INFOPLIST_FILE = NO;
				INFOPLIST_FILE = syncFolder/Info.plist;
				LD_RUNPATH_SEARCH_PATHS = (
					"@executable_path/../Frameworks",
				);
				MARKETING_VERSION = 1.1.0;
				PRODUCT_BUNDLE_IDENTIFIER = com.syncfolder.syncFolder;
				PRODUCT_NAME = syncFolder;
				SDKROOT = macosx;
				SWIFT_STRICT_CONCURRENCY = minimal;
			};
			name = Release;
		};
		508D16091128660CE8BA0451 /* Release */ = {
			isa = XCBuildConfiguration;
			buildSettings = {
				ALWAYS_SEARCH_USER_PATHS = NO;
				CLANG_ANALYZER_NONNULL = YES;
				CLANG_ANALYZER_NUMBER_OBJECT_CONVERSION = YES_AGGRESSIVE;
				CLANG_CXX_LANGUAGE_STANDARD = "gnu++14";
				CLANG_CXX_LIBRARY = "libc++";
				CLANG_ENABLE_MODULES = YES;
				CLANG_ENABLE_OBJC_ARC = YES;
				CLANG_ENABLE_OBJC_WEAK = YES;
				CLANG_WARN_BLOCK_CAPTURE_AUTORELEASING = YES;
				CLANG_WARN_BOOL_CONVERSION = YES;
				CLANG_WARN_COMMA = YES;
				CLANG_WARN_CONSTANT_CONVERSION = YES;
				CLANG_WARN_DEPRECATED_OBJC_IMPLEMENTATIONS = YES;
				CLANG_WARN_DIRECT_OBJC_ISA_USAGE = YES_ERROR;
				CLANG_WARN_DOCUMENTATION_COMMENTS = YES;
				CLANG_WARN_EMPTY_BODY = YES;
				CLANG_WARN_ENUM_CONVERSION = YES;
				CLANG_WARN_INFINITE_RECURSION = YES;
				CLANG_WARN_INT_CONVERSION = YES;
				CLANG_WARN_NON_LITERAL_NULL_CONVERSION = YES;
				CLANG_WARN_OBJC_IMPLICIT_RETAIN_SELF = YES;
				CLANG_WARN_OBJC_LITERAL_CONVERSION = YES;
				CLANG_WARN_OBJC_ROOT_CLASS = YES_ERROR;
				CLANG_WARN_QUOTED_INCLUDE_IN_FRAMEWORK_HEADER = YES;
				CLANG_WARN_RANGE_LOOP_ANALYSIS = YES;
				CLANG_WARN_STRICT_PROTOTYPES = YES;
				CLANG_WARN_SUSPICIOUS_MOVE = YES;
				CLANG_WARN_UNGUARDED_AVAILABILITY = YES_AGGRESSIVE;
				CLANG_WARN_UNREACHABLE_CODE = YES;
				CLANG_WARN__DUPLICATE_METHOD_MATCH = YES;
				COPY_PHASE_STRIP = NO;
				DEBUG_INFORMATION_FORMAT = "dwarf-with-dsym";
				ENABLE_NS_ASSERTIONS = NO;
				ENABLE_STRICT_OBJC_MSGSEND = YES;
				GCC_C_LANGUAGE_STANDARD = gnu11;
				GCC_NO_COMMON_BLOCKS = YES;
				GCC_WARN_64_TO_32_BIT_CONVERSION = YES;
				GCC_WARN_ABOUT_RETURN_TYPE = YES_ERROR;
				GCC_WARN_UNDECLARED_SELECTOR = YES;
				GCC_WARN_UNINITIALIZED_AUTOS = YES_AGGRESSIVE;
				GCC_WARN_UNUSED_FUNCTION = YES;
				GCC_WARN_UNUSED_VARIABLE = YES;
				MACOSX_DEPLOYMENT_TARGET = 13.0;
				MTL_ENABLE_DEBUG_INFO = NO;
				MTL_FAST_MATH = YES;
				PRODUCT_NAME = "$(TARGET_NAME)";
				SDKROOT = macosx;
				SWIFT_COMPILATION_MODE = wholemodule;
				SWIFT_OPTIMIZATION_LEVEL = "-O";
				SWIFT_VERSION = 5.9;
			};
			name = Release;
		};
		DB599E2F33033A912831B675 /* Debug */ = {
			isa = XCBuildConfiguration;
			buildSettings = {
				ASSETCATALOG_COMPILER_APPICON_NAME = AppIcon;
				CODE_SIGN_ENTITLEMENTS = syncFolder/Resources/syncFolder.entitlements;
				CODE_SIGN_IDENTITY = "-";
				COMBINE_HIDPI_IMAGES = YES;
				CURRENT_PROJECT_VERSION = 2;
				GENERATE_INFOPLIST_FILE = NO;
				INFOPLIST_FILE = syncFolder/Info.plist;
				LD_RUNPATH_SEARCH_PATHS = (
					"@executable_path/../Frameworks",
				);
				MARKETING_VERSION = 1.1.0;
				PRODUCT_BUNDLE_IDENTIFIER = com.syncfolder.syncFolder;
				PRODUCT_NAME = syncFolder;
				SDKROOT = macosx;
				SWIFT_STRICT_CONCURRENCY = minimal;
			};
			name = Debug;
		};
/* End XCBuildConfiguration section */

/* Begin XCConfigurationList section */
		17260049B1C87C9097DBC2B8 /* Build configuration list for PBXProject "syncFolder" */ = {
			isa = XCConfigurationList;
			buildConfigurations = (
				2458F5C46F7EE51786903BF8 /* Debug */,
				508D16091128660CE8BA0451 /* Release */,
			);
			defaultConfigurationIsVisible = 0;
			defaultConfigurationName = Debug;
		};
		50978D1613B05A8A6C278456 /* Build configuration list for PBXNativeTarget "syncFolder" */ = {
			isa = XCConfigurationList;
			buildConfigurations = (
				DB599E2F33033A912831B675 /* Debug */,
				33953BDFED2644B1962E3D80 /* Release */,
			);
			defaultConfigurationIsVisible = 0;
			defaultConfigurationName = Debug;
		};
/* End XCConfigurationList section */
	};
	rootObject = 0A37634E2865D26051DABB7D /* Project object */;
}
